
Microsoft Visual Studio Solution File, Format Version 12.00
# Visual Studio Version 16
VisualStudioVersion = 16.0.29326.143
MinimumVisualStudioVersion = 10.0.40219.1
Project("{FAE04EC0-301F-11D3-BF4B-00C04F79EFBC}") = "HabbitTracker", "HabbitTracker\HabbitTracker.csproj", "{F759812F-C570-40C1-93AE-35427E593D94}"
EndProject
Global
	GlobalSection(SolutionConfigurationPlatforms) = preSolution
		Debug|Any CPU = Debug|Any CPU
		Release|Any CPU = Release|Any CPU
	EndGlobalSection
	GlobalSection(ProjectConfigurationPlatforms) = postSolution
		{F759812F-C570-40C1-93AE-35427E593D94}.Debug|Any CPU.ActiveCfg = Debug|Any CPU
		{F759812F-C570-40C1-93AE-35427E593D94}.Debug|Any CPU.Build.0 = Debug|Any CPU
		{F759812F-C570-40C1-93AE-35427E593D94}.Release|Any CPU.ActiveCfg = Release|Any CPU
		{F759812F-C570-40C1-93AE-35427E593D94}.Release|Any CPU.Build.0 = Release|Any CPU
	EndGlobalSection
	GlobalSection(SolutionProperties) = preSolution
		HideSolutionNode = FALSE
	EndGlobalSection
	GlobalSection(ExtensibilityGlobals) = postSolution
		SolutionGuid = {E939219E-C687-4B71-AA58-4CF279911B7F}
	EndGlobalSection
EndGlobal
